
Microsoft Visual Studio Solution File, Format Version 12.00
# Visual Studio Version 17
VisualStudioVersion = 17.5.33627.172
MinimumVisualStudioVersion = 10.0.40219.1
Project("{FAE04EC0-301F-11D3-BF4B-00C04F79EFBC}") = "CharacterBuilder.Data.Contract", "CharacterBuilder.Data.Contract\CharacterBuilder.Data.Contract.csproj", "{9DFB7F50-F722-4392-9E0F-9047032BBDCF}"
EndProject
Project("{FAE04EC0-301F-11D3-BF4B-00C04F79EFBC}") = "CharacterBuilder.Foundation", "CharacterBuilder.Foundation\CharacterBuilder.Foundation.csproj", "{C69EA8C5-A7AA-4541-A76B-E766971FF1FF}"
EndProject
Project("{FAE04EC0-301F-11D3-BF4B-00C04F79EFBC}") = "CharacterBuilder.Data", "CharacterBuilder.Data\CharacterBuilder.Data.csproj", "{8DA6DA27-BFDA-4D04-87D0-7F65AF92832F}"
EndProject
Project("{FAE04EC0-301F-11D3-BF4B-00C04F79EFBC}") = "CharacterBuilder.Utilities", "CharacterBuilder.Utilities\CharacterBuilder.Utilities.csproj", "{452A35A8-391E-42DA-B237-F1C5B44E8F29}"
EndProject
Project("{FAE04EC0-301F-11D3-BF4B-00C04F79EFBC}") = "CharacterBuilder.Utilities.Tests", "CharacterBuilder.Utilities.Tests\CharacterBuilder.Utilities.Tests.csproj", "{97F83EA9-A04B-49DA-86B4-1D34F872A937}"
EndProject
Project("{FAE04EC0-301F-11D3-BF4B-00C04F79EFBC}") = "CharacterBuilder.Dsl", "CharacterBuilder.Dsl\CharacterBuilder.Dsl.csproj", "{E633139B-537D-45F4-8EEA-4C8F9BCB1D75}"
EndProject
Project("{FAE04EC0-301F-11D3-BF4B-00C04F79EFBC}") = "CharacterBuilder.Dsl.Contract", "CharacterBuilder.Dsl.Contract\CharacterBuilder.Dsl.Contract.csproj", "{6641AA79-FC05-4634-AD01-995E6A87D758}"
EndProject
Project("{FAE04EC0-301F-11D3-BF4B-00C04F79EFBC}") = "CharacterBuilder.Foundation.Contract", "CharacterBuilder.Foundation.Contract\CharacterBuilder.Foundation.Contract.csproj", "{03EA6FB3-FA7A-4568-8D5D-3E2C07BA9927}"
EndProject
Global
	GlobalSection(SolutionConfigurationPlatforms) = preSolution
		Debug|Any CPU = Debug|Any CPU
		Release|Any CPU = Release|Any CPU
	EndGlobalSection
	GlobalSection(ProjectConfigurationPlatforms) = postSolution
		{9DFB7F50-F722-4392-9E0F-9047032BBDCF}.Debug|Any CPU.ActiveCfg = Debug|Any CPU
		{9DFB7F50-F722-4392-9E0F-9047032BBDCF}.Debug|Any CPU.Build.0 = Debug|Any CPU
		{9DFB7F50-F722-4392-9E0F-9047032BBDCF}.Release|Any CPU.ActiveCfg = Release|Any CPU
		{9DFB7F50-F722-4392-9E0F-9047032BBDCF}.Release|Any CPU.Build.0 = Release|Any CPU
		{C69EA8C5-A7AA-4541-A76B-E766971FF1FF}.Debug|Any CPU.ActiveCfg = Debug|Any CPU
		{C69EA8C5-A7AA-4541-A76B-E766971FF1FF}.Debug|Any CPU.Build.0 = Debug|Any CPU
		{C69EA8C5-A7AA-4541-A76B-E766971FF1FF}.Release|Any CPU.ActiveCfg = Release|Any CPU
		{C69EA8C5-A7AA-4541-A76B-E766971FF1FF}.Release|Any CPU.Build.0 = Release|Any CPU
		{8DA6DA27-BFDA-4D04-87D0-7F65AF92832F}.Debug|Any CPU.ActiveCfg = Debug|Any CPU
		{8DA6DA27-BFDA-4D04-87D0-7F65AF92832F}.Debug|Any CPU.Build.0 = Debug|Any CPU
		{8DA6DA27-BFDA-4D04-87D0-7F65AF92832F}.Release|Any CPU.ActiveCfg = Release|Any CPU
		{8DA6DA27-BFDA-4D04-87D0-7F65AF92832F}.Release|Any CPU.Build.0 = Release|Any CPU
		{452A35A8-391E-42DA-B237-F1C5B44E8F29}.Debug|Any CPU.ActiveCfg = Debug|Any CPU
		{452A35A8-391E-42DA-B237-F1C5B44E8F29}.Debug|Any CPU.Build.0 = Debug|Any CPU
		{452A35A8-391E-42DA-B237-F1C5B44E8F29}.Release|Any CPU.ActiveCfg = Release|Any CPU
		{452A35A8-391E-42DA-B237-F1C5B44E8F29}.Release|Any CPU.Build.0 = Release|Any CPU
		{97F83EA9-A04B-49DA-86B4-1D34F872A937}.Debug|Any CPU.ActiveCfg = Debug|Any CPU
		{97F83EA9-A04B-49DA-86B4-1D34F872A937}.Debug|Any CPU.Build.0 = Debug|Any CPU
		{97F83EA9-A04B-49DA-86B4-1D34F872A937}.Release|Any CPU.ActiveCfg = Release|Any CPU
		{97F83EA9-A04B-49DA-86B4-1D34F872A937}.Release|Any CPU.Build.0 = Release|Any CPU
		{E633139B-537D-45F4-8EEA-4C8F9BCB1D75}.Debug|Any CPU.ActiveCfg = Debug|Any CPU
		{E633139B-537D-45F4-8EEA-4C8F9BCB1D75}.Debug|Any CPU.Build.0 = Debug|Any CPU
		{E633139B-537D-45F4-8EEA-4C8F9BCB1D75}.Release|Any CPU.ActiveCfg = Release|Any CPU
		{E633139B-537D-45F4-8EEA-4C8F9BCB1D75}.Release|Any CPU.Build.0 = Release|Any CPU
		{6641AA79-FC05-4634-AD01-995E6A87D758}.Debug|Any CPU.ActiveCfg = Debug|Any CPU
		{6641AA79-FC05-4634-AD01-995E6A87D758}.Debug|Any CPU.Build.0 = Debug|Any CPU
		{6641AA79-FC05-4634-AD01-995E6A87D758}.Release|Any CPU.ActiveCfg = Release|Any CPU
		{6641AA79-FC05-4634-AD01-995E6A87D758}.Release|Any CPU.Build.0 = Release|Any CPU
		{03EA6FB3-FA7A-4568-8D5D-3E2C07BA9927}.Debug|Any CPU.ActiveCfg = Debug|Any CPU
		{03EA6FB3-FA7A-4568-8D5D-3E2C07BA9927}.Debug|Any CPU.Build.0 = Debug|Any CPU
		{03EA6FB3-FA7A-4568-8D5D-3E2C07BA9927}.Release|Any CPU.ActiveCfg = Release|Any CPU
		{03EA6FB3-FA7A-4568-8D5D-3E2C07BA9927}.Release|Any CPU.Build.0 = Release|Any CPU
	EndGlobalSection
	GlobalSection(SolutionProperties) = preSolution
		HideSolutionNode = FALSE
	EndGlobalSection
	GlobalSection(ExtensibilityGlobals) = postSolution
		SolutionGuid = {7D0EB8FB-B94C-4A2C-B901-B4617E6FD618}
	EndGlobalSection
EndGlobal
