
Microsoft Visual Studio Solution File, Format Version 12.00
# Visual Studio 15
VisualStudioVersion = 15.0.26014.0
MinimumVisualStudioVersion = 10.0.40219.1
Project("{FAE04EC0-301F-11D3-BF4B-00C04F79EFBC}") = "CharacterBuilder.Tags.Contract", "CharacterBuilder.Tags.Contract\CharacterBuilder.Tags.Contract.csproj", "{9DFB7F50-F722-4392-9E0F-9047032BBDCF}"
EndProject
Project("{FAE04EC0-301F-11D3-BF4B-00C04F79EFBC}") = "CharacterBuilder.Foundation", "CharacterBuilder.Foundation\CharacterBuilder.Foundation.csproj", "{C69EA8C5-A7AA-4541-A76B-E766971FF1FF}"
EndProject
Project("{FAE04EC0-301F-11D3-BF4B-00C04F79EFBC}") = "CharacterBuilder.Tags", "CharacterBuilder.Tags\CharacterBuilder.Tags.csproj", "{8DA6DA27-BFDA-4D04-87D0-7F65AF92832F}"
EndProject
Project("{FAE04EC0-301F-11D3-BF4B-00C04F79EFBC}") = "CharacterBuilder.Utilities", "CharacterBuilder.Utilities\CharacterBuilder.Utilities.csproj", "{452A35A8-391E-42DA-B237-F1C5B44E8F29}"
EndProject
Project("{FAE04EC0-301F-11D3-BF4B-00C04F79EFBC}") = "CharacterBuilder.Utilities.Tests", "CharacterBuilder.Utilities.Tests\CharacterBuilder.Utilities.Tests.csproj", "{97F83EA9-A04B-49DA-86B4-1D34F872A937}"
EndProject
Project("{FAE04EC0-301F-11D3-BF4B-00C04F79EFBC}") = "CharacterBuilder.Traits.Contract", "CharacterBuilder.Traits.Contract\CharacterBuilder.Traits.Contract.csproj", "{42777619-E336-4887-B1A7-3347208DC1C9}"
EndProject
Project("{FAE04EC0-301F-11D3-BF4B-00C04F79EFBC}") = "CharacterBuilder.Traits", "CharacterBuilder.Traits\CharacterBuilder.Traits.csproj", "{84625805-6465-4742-A161-9046DB1682AB}"
EndProject
Global
	GlobalSection(SolutionConfigurationPlatforms) = preSolution
		Debug|Any CPU = Debug|Any CPU
		Release|Any CPU = Release|Any CPU
	EndGlobalSection
	GlobalSection(ProjectConfigurationPlatforms) = postSolution
		{9DFB7F50-F722-4392-9E0F-9047032BBDCF}.Debug|Any CPU.ActiveCfg = Debug|Any CPU
		{9DFB7F50-F722-4392-9E0F-9047032BBDCF}.Debug|Any CPU.Build.0 = Debug|Any CPU
		{9DFB7F50-F722-4392-9E0F-9047032BBDCF}.Release|Any CPU.ActiveCfg = Release|Any CPU
		{9DFB7F50-F722-4392-9E0F-9047032BBDCF}.Release|Any CPU.Build.0 = Release|Any CPU
		{C69EA8C5-A7AA-4541-A76B-E766971FF1FF}.Debug|Any CPU.ActiveCfg = Debug|Any CPU
		{C69EA8C5-A7AA-4541-A76B-E766971FF1FF}.Debug|Any CPU.Build.0 = Debug|Any CPU
		{C69EA8C5-A7AA-4541-A76B-E766971FF1FF}.Release|Any CPU.ActiveCfg = Release|Any CPU
		{C69EA8C5-A7AA-4541-A76B-E766971FF1FF}.Release|Any CPU.Build.0 = Release|Any CPU
		{8DA6DA27-BFDA-4D04-87D0-7F65AF92832F}.Debug|Any CPU.ActiveCfg = Debug|Any CPU
		{8DA6DA27-BFDA-4D04-87D0-7F65AF92832F}.Debug|Any CPU.Build.0 = Debug|Any CPU
		{8DA6DA27-BFDA-4D04-87D0-7F65AF92832F}.Release|Any CPU.ActiveCfg = Release|Any CPU
		{8DA6DA27-BFDA-4D04-87D0-7F65AF92832F}.Release|Any CPU.Build.0 = Release|Any CPU
		{452A35A8-391E-42DA-B237-F1C5B44E8F29}.Debug|Any CPU.ActiveCfg = Debug|Any CPU
		{452A35A8-391E-42DA-B237-F1C5B44E8F29}.Debug|Any CPU.Build.0 = Debug|Any CPU
		{452A35A8-391E-42DA-B237-F1C5B44E8F29}.Release|Any CPU.ActiveCfg = Release|Any CPU
		{452A35A8-391E-42DA-B237-F1C5B44E8F29}.Release|Any CPU.Build.0 = Release|Any CPU
		{97F83EA9-A04B-49DA-86B4-1D34F872A937}.Debug|Any CPU.ActiveCfg = Debug|Any CPU
		{97F83EA9-A04B-49DA-86B4-1D34F872A937}.Debug|Any CPU.Build.0 = Debug|Any CPU
		{97F83EA9-A04B-49DA-86B4-1D34F872A937}.Release|Any CPU.ActiveCfg = Release|Any CPU
		{97F83EA9-A04B-49DA-86B4-1D34F872A937}.Release|Any CPU.Build.0 = Release|Any CPU
		{42777619-E336-4887-B1A7-3347208DC1C9}.Debug|Any CPU.ActiveCfg = Debug|Any CPU
		{42777619-E336-4887-B1A7-3347208DC1C9}.Debug|Any CPU.Build.0 = Debug|Any CPU
		{42777619-E336-4887-B1A7-3347208DC1C9}.Release|Any CPU.ActiveCfg = Release|Any CPU
		{42777619-E336-4887-B1A7-3347208DC1C9}.Release|Any CPU.Build.0 = Release|Any CPU
		{84625805-6465-4742-A161-9046DB1682AB}.Debug|Any CPU.ActiveCfg = Debug|Any CPU
		{84625805-6465-4742-A161-9046DB1682AB}.Debug|Any CPU.Build.0 = Debug|Any CPU
		{84625805-6465-4742-A161-9046DB1682AB}.Release|Any CPU.ActiveCfg = Release|Any CPU
		{84625805-6465-4742-A161-9046DB1682AB}.Release|Any CPU.Build.0 = Release|Any CPU
	EndGlobalSection
	GlobalSection(SolutionProperties) = preSolution
		HideSolutionNode = FALSE
	EndGlobalSection
EndGlobal
